{
  "name": "node0_6",
  "version": "0.0.1",
  "dependencies": {
    "express": {
      "version": "2.5.11",
      "dependencies": {
        "connect": {
          "version": "1.9.2",
          "dependencies": {
            "formidable": {
              "version": "1.0.13"
            }
          }
        },
        "mime": {
          "version": "1.2.4"
        },
        "qs": {
          "version": "0.4.2"
        },
        "mkdirp": {
          "version": "0.3.0"
        }
      }
    },
    "bcrypt": {
      "version": "0.7.5",
      "dependencies": {
        "bindings": {
          "version": "1.0.0"
        }
      }
    },
    "semver": {
      "version": "1.0.6",
      "from": "git://github.com/isaacs/node-semver.git#14a426809"
    }
  }
}
