{
  "name": "node_autoconfig",
  "version": "0.1.0",
  "dependencies": {
    "mysql": {
      "version": "0.9.6",
      "dependencies": {
        "hashish": {
          "version": "0.0.4",
          "dependencies": {
            "traverse": {
              "version": "0.6.3"
            }
          }
        }
      }
    },
    "pg": {
      "version": "0.6.18",
      "dependencies": {
        "generic-pool": {
          "version": "1.0.9"
        }
      }
    },
    "redis": {
      "version": "0.7.2",
      "dependencies": {
        "hiredis": {
          "version": "0.1.14"
        }
      }
    },
    "mongodb": {
      "version": "1.0.2",
      "dependencies": {
        "bson": {
          "version": "0.0.6"
        }
      }
    },
    "amqp": {
      "version": "0.1.3"
    }
  }
}
